
Microsoft Visual Studio Solution File, Format Version 12.00
# Visual Studio Version 17
VisualStudioVersion = 17.0.31512.422
MinimumVisualStudioVersion = 10.0.40219.1
Project("{FAE04EC0-301F-11D3-BF4B-00C04F79EFBC}") = "FilmesApi", "FilmesApi\FilmesApi.csproj", "{6BBDAE94-8A20-42F8-A8C1-1AF99451F079}"
EndProject
Global
	GlobalSection(SolutionConfigurationPlatforms) = preSolution
		Debug|Any CPU = Debug|Any CPU
		Release|Any CPU = Release|Any CPU
	EndGlobalSection
	GlobalSection(ProjectConfigurationPlatforms) = postSolution
		{6BBDAE94-8A20-42F8-A8C1-1AF99451F079}.Debug|Any CPU.ActiveCfg = Debug|Any CPU
		{6BBDAE94-8A20-42F8-A8C1-1AF99451F079}.Debug|Any CPU.Build.0 = Debug|Any CPU
		{6BBDAE94-8A20-42F8-A8C1-1AF99451F079}.Release|Any CPU.ActiveCfg = Release|Any CPU
		{6BBDAE94-8A20-42F8-A8C1-1AF99451F079}.Release|Any CPU.Build.0 = Release|Any CPU
	EndGlobalSection
	GlobalSection(SolutionProperties) = preSolution
		HideSolutionNode = FALSE
	EndGlobalSection
	GlobalSection(ExtensibilityGlobals) = postSolution
		SolutionGuid = {395525FB-8159-4309-BE89-0B0EF6D5AF93}
	EndGlobalSection
EndGlobal
